
Microsoft Visual Studio Solution File, Format Version 12.00
# Visual Studio 15
VisualStudioVersion = 15.0.28010.0
MinimumVisualStudioVersion = 10.0.40219.1
Project("{FAE04EC0-301F-11D3-BF4B-00C04F79EFBC}") = "NuGet2Unity", "NuGet2Unity.csproj", "{07BE7C58-5F39-4A86-9D2C-E3EA24C1BF6D}"
EndProject
Global
	GlobalSection(SolutionConfigurationPlatforms) = preSolution
		Debug|Any CPU = Debug|Any CPU
		Release|Any CPU = Release|Any CPU
	EndGlobalSection
	GlobalSection(ProjectConfigurationPlatforms) = postSolution
		{07BE7C58-5F39-4A86-9D2C-E3EA24C1BF6D}.Debug|Any CPU.ActiveCfg = Debug|Any CPU
		{07BE7C58-5F39-4A86-9D2C-E3EA24C1BF6D}.Debug|Any CPU.Build.0 = Debug|Any CPU
		{07BE7C58-5F39-4A86-9D2C-E3EA24C1BF6D}.Release|Any CPU.ActiveCfg = Release|Any CPU
		{07BE7C58-5F39-4A86-9D2C-E3EA24C1BF6D}.Release|Any CPU.Build.0 = Release|Any CPU
	EndGlobalSection
	GlobalSection(SolutionProperties) = preSolution
		HideSolutionNode = FALSE
	EndGlobalSection
	GlobalSection(ExtensibilityGlobals) = postSolution
		SolutionGuid = {6BF28F07-7280-430A-9089-B0B5BBCB19E0}
	EndGlobalSection
EndGlobal
